// !$*UTF8*$!
{
	archiveVersion = 1;
	classes = {
	};
	objectVersion = 50;
	objects = {

/* Begin PBXBuildFile section */
		9FCA69FA229BB70300181099 /* AppDelegate.swift in Sources */ = {isa = PBXBuildFile; fileRef = 9FCA69F9229BB70300181099 /* AppDelegate.swift */; };
		9FCA69FC229BB70300181099 /* SegmentViewController.swift in Sources */ = {isa = PBXBuildFile; fileRef = 9FCA69FB229BB70300181099 /* SegmentViewController.swift */; };
		9FCA69FF229BB70300181099 /* Main.storyboard in Resources */ = {isa = PBXBuildFile; fileRef = 9FCA69FD229BB70300181099 /* Main.storyboard */; };
		9FCA6A01229BB70600181099 /* Assets.xcassets in Resources */ = {isa = PBXBuildFile; fileRef = 9FCA6A00229BB70600181099 /* Assets.xcassets */; };
		9FCA6A04229BB70600181099 /* LaunchScreen.storyboard in Resources */ = {isa = PBXBuildFile; fileRef = 9FCA6A02229BB70600181099 /* LaunchScreen.storyboard */; };
		9FCA6A0D229BB75300181099 /* WMSegment.swift in Sources */ = {isa = PBXBuildFile; fileRef = 9FCA6A0C229BB75300181099 /* WMSegment.swift */; };
/* End PBXBuildFile section */

/* Begin PBXFileReference section */
		9FCA69F6229BB70300181099 /* WMSegmentControl.app */ = {isa = PBXFileReference; explicitFileType = wrapper.application; includeInIndex = 0; path = WMSegmentControl.app; sourceTree = BUILT_PRODUCTS_DIR; };
		9FCA69F9229BB70300181099 /* AppDelegate.swift */ = {isa = PBXFileReference; lastKnownFileType = sourcecode.swift; path = AppDelegate.swift; sourceTree = "<group>"; };
		9FCA69FB229BB70300181099 /* SegmentViewController.swift */ = {isa = PBXFileReference; lastKnownFileType = sourcecode.swift; path = SegmentViewController.swift; sourceTree = "<group>"; };
		9FCA69FE229BB70300181099 /* Base */ = {isa = PBXFileReference; lastKnownFileType = file.storyboard; name = Base; path = Base.lproj/Main.storyboard; sourceTree = "<group>"; };
		9FCA6A00229BB70600181099 /* Assets.xcassets */ = {isa = PBXFileReference; lastKnownFileType = folder.assetcatalog; path = Assets.xcassets; sourceTree = "<group>"; };
		9FCA6A03229BB70600181099 /* Base */ = {isa = PBXFileReference; lastKnownFileType = file.storyboard; name = Base; path = Base.lproj/LaunchScreen.storyboard; sourceTree = "<group>"; };
		9FCA6A05229BB70600181099 /* Info.plist */ = {isa = PBXFileReference; lastKnownFileType = text.plist.xml; path = Info.plist; sourceTree = "<group>"; };
		9FCA6A0C229BB75300181099 /* WMSegment.swift */ = {isa = PBXFileReference; lastKnownFileType = sourcecode.swift; path = WMSegment.swift; sourceTree = "<group>"; };
/* End PBXFileReference section */

/* Begin PBXFrameworksBuildPhase section */
		9FCA69F3229BB70300181099 /* Frameworks */ = {
			isa = PBXFrameworksBuildPhase;
			buildActionMask = 2147483647;
			files = (
			);
			runOnlyForDeploymentPostprocessing = 0;
		};
/* End PBXFrameworksBuildPhase section */

/* Begin PBXGroup section */
		9FCA69ED229BB70300181099 = {
			isa = PBXGroup;
			children = (
				9FCA69F8229BB70300181099 /* WMSegmentControl */,
				9FCA69F7229BB70300181099 /* Products */,
			);
			sourceTree = "<group>";
		};
		9FCA69F7229BB70300181099 /* Products */ = {
			isa = PBXGroup;
			children = (
				9FCA69F6229BB70300181099 /* WMSegmentControl.app */,
			);
			name = Products;
			sourceTree = "<group>";
		};
		9FCA69F8229BB70300181099 /* WMSegmentControl */ = {
			isa = PBXGroup;
			children = (
				9FCA6A0B229BB73A00181099 /* Source */,
				9FCA69F9229BB70300181099 /* AppDelegate.swift */,
				9FCA69FB229BB70300181099 /* SegmentViewController.swift */,
				9FCA69FD229BB70300181099 /* Main.storyboard */,
				9FCA6A00229BB70600181099 /* Assets.xcassets */,
				9FCA6A02229BB70600181099 /* LaunchScreen.storyboard */,
				9FCA6A05229BB70600181099 /* Info.plist */,
			);
			path = WMSegmentControl;
			sourceTree = "<group>";
		};
		9FCA6A0B229BB73A00181099 /* Source */ = {
			isa = PBXGroup;
			children = (
				9FCA6A0C229BB75300181099 /* WMSegment.swift */,
			);
			path = Source;
			sourceTree = "<group>";
		};
/* End PBXGroup section */

/* Begin PBXNativeTarget section */
		9FCA69F5229BB70300181099 /* WMSegmentControl */ = {
			isa = PBXNativeTarget;
			buildConfigurationList = 9FCA6A08229BB70600181099 /* Build configuration list for PBXNativeTarget "WMSegmentControl" */;
			buildPhases = (
				9FCA69F2229BB70300181099 /* Sources */,
				9FCA69F3229BB70300181099 /* Frameworks */,
				9FCA69F4229BB70300181099 /* Resources */,
			);
			buildRules = (
			);
			dependencies = (
			);
			name = WMSegmentControl;
			productName = WMSegmentControl;
			productReference = 9FCA69F6229BB70300181099 /* WMSegmentControl.app */;
			productType = "com.apple.product-type.application";
		};
/* End PBXNativeTarget section */

/* Begin PBXProject section */
		9FCA69EE229BB70300181099 /* Project object */ = {
			isa = PBXProject;
			attributes = {
				LastSwiftUpdateCheck = 1010;
				LastUpgradeCheck = 1010;
				ORGANIZATIONNAME = "Wasim Malek";
				TargetAttributes = {
					9FCA69F5229BB70300181099 = {
						CreatedOnToolsVersion = 10.1;
					};
				};
			};
			buildConfigurationList = 9FCA69F1229BB70300181099 /* Build configuration list for PBXProject "WMSegmentControl" */;
			compatibilityVersion = "Xcode 9.3";
			developmentRegion = en;
			hasScannedForEncodings = 0;
			knownRegions = (
				en,
				Base,
			);
			mainGroup = 9FCA69ED229BB70300181099;
			productRefGroup = 9FCA69F7229BB70300181099 /* Products */;
			projectDirPath = "";
			projectRoot = "";
			targets = (
				9FCA69F5229BB70300181099 /* WMSegmentControl */,
			);
		};
/* End PBXProject section */

/* Begin PBXResourcesBuildPhase section */
		9FCA69F4229BB70300181099 /* Resources */ = {
			isa = PBXResourcesBuildPhase;
			buildActionMask = 2147483647;
			files = (
				9FCA6A04229BB70600181099 /* LaunchScreen.storyboard in Resources */,
				9FCA6A01229BB70600181099 /* Assets.xcassets in Resources */,
				9FCA69FF229BB70300181099 /* Main.storyboard in Resources */,
			);
			runOnlyForDeploymentPostprocessing = 0;
		};
/* End PBXResourcesBuildPhase section */

/* Begin PBXSourcesBuildPhase section */
		9FCA69F2229BB70300181099 /* Sources */ = {
			isa = PBXSourcesBuildPhase;
			buildActionMask = 2147483647;
			files = (
				9FCA69FC229BB70300181099 /* SegmentViewController.swift in Sources */,
				9FCA6A0D229BB75300181099 /* WMSegment.swift in Sources */,
				9FCA69FA229BB70300181099 /* AppDelegate.swift in Sources */,
			);
			runOnlyForDeploymentPostprocessing = 0;
		};
/* End PBXSourcesBuildPhase section */

/* Begin PBXVariantGroup section */
		9FCA69FD229BB70300181099 /* Main.storyboard */ = {
			isa = PBXVariantGroup;
			children = (
				9FCA69FE229BB70300181099 /* Base */,
			);
			name = Main.storyboard;
			sourceTree = "<group>";
		};
		9FCA6A02229BB70600181099 /* LaunchScreen.storyboard */ = {
			isa = PBXVariantGroup;
			children = (
				9FCA6A03229BB70600181099 /* Base */,
			);
			name = LaunchScreen.storyboard;
			sourceTree = "<group>";
		};
/* End PBXVariantGroup section */

/* Begin XCBuildConfiguration section */
		9FCA6A06229BB70600181099 /* Debug */ = {
			isa = XCBuildConfiguration;
			buildSettings = {
				ALWAYS_SEARCH_USER_PATHS = NO;
				CLANG_ANALYZER_NONNULL = YES;
				CLANG_ANALYZER_NUMBER_OBJECT_CONVERSION = YES_AGGRESSIVE;
				CLANG_CXX_LANGUAGE_STANDARD = "gnu++14";
				CLANG_CXX_LIBRARY = "libc++";
				CLANG_ENABLE_MODULES = YES;
				CLANG_ENABLE_OBJC_ARC = YES;
				CLANG_ENABLE_OBJC_WEAK = YES;
				CLANG_WARN_BLOCK_CAPTURE_AUTORELEASING = YES;
				CLANG_WARN_BOOL_CONVERSION = YES;
				CLANG_WARN_COMMA = YES;
				CLANG_WARN_CONSTANT_CONVERSION = YES;
				CLANG_WARN_DEPRECATED_OBJC_IMPLEMENTATIONS = YES;
				CLANG_WARN_DIRECT_OBJC_ISA_USAGE = YES_ERROR;
				CLANG_WARN_DOCUMENTATION_COMMENTS = YES;
				CLANG_WARN_EMPTY_BODY = YES;
				CLANG_WARN_ENUM_CONVERSION = YES;
				CLANG_WARN_INFINITE_RECURSION = YES;
				CLANG_WARN_INT_CONVERSION = YES;
				CLANG_WARN_NON_LITERAL_NULL_CONVERSION = YES;
				CLANG_WARN_OBJC_IMPLICIT_RETAIN_SELF = YES;
				CLANG_WARN_OBJC_LITERAL_CONVERSION = YES;
				CLANG_WARN_OBJC_ROOT_CLASS = YES_ERROR;
				CLANG_WARN_RANGE_LOOP_ANALYSIS = YES;
				CLANG_WARN_STRICT_PROTOTYPES = YES;
				CLANG_WARN_SUSPICIOUS_MOVE = YES;
				CLANG_WARN_UNGUARDED_AVAILABILITY = YES_AGGRESSIVE;
				CLANG_WARN_UNREACHABLE_CODE = YES;
				CLANG_WARN__DUPLICATE_METHOD_MATCH = YES;
				CODE_SIGN_IDENTITY = "iPhone Developer";
				COPY_PHASE_STRIP = NO;
				DEBUG_INFORMATION_FORMAT = dwarf;
				ENABLE_STRICT_OBJC_MSGSEND = YES;
				ENABLE_TESTABILITY = YES;
				GCC_C_LANGUAGE_STANDARD = gnu11;
				GCC_DYNAMIC_NO_PIC = NO;
				GCC_NO_COMMON_BLOCKS = YES;
				GCC_OPTIMIZATION_LEVEL = 0;
				GCC_PREPROCESSOR_DEFINITIONS = (
					"DEBUG=1",
					"$(inherited)",
				);
				GCC_WARN_64_TO_32_BIT_CONVERSION = YES;
				GCC_WARN_ABOUT_RETURN_TYPE = YES_ERROR;
				GCC_WARN_UNDECLARED_SELECTOR = YES;
				GCC_WARN_UNINITIALIZED_AUTOS = YES_AGGRESSIVE;
				GCC_WARN_UNUSED_FUNCTION = YES;
				GCC_WARN_UNUSED_VARIABLE = YES;
				IPHONEOS_DEPLOYMENT_TARGET = 12.1;
				MTL_ENABLE_DEBUG_INFO = INCLUDE_SOURCE;
				MTL_FAST_MATH = YES;
				ONLY_ACTIVE_ARCH = YES;
				SDKROOT = iphoneos;
				SWIFT_ACTIVE_COMPILATION_CONDITIONS = DEBUG;
				SWIFT_OPTIMIZATION_LEVEL = "-Onone";
			};
			name = Debug;
		};
		9FCA6A07229BB70600181099 /* Release */ = {
			isa = XCBuildConfiguration;
			buildSettings = {
				ALWAYS_SEARCH_USER_PATHS = NO;
				CLANG_ANALYZER_NONNULL = YES;
				CLANG_ANALYZER_NUMBER_OBJECT_CONVERSION = YES_AGGRESSIVE;
				CLANG_CXX_LANGUAGE_STANDARD = "gnu++14";
				CLANG_CXX_LIBRARY = "libc++";
				CLANG_ENABLE_MODULES = YES;
				CLANG_ENABLE_OBJC_ARC = YES;
				CLANG_ENABLE_OBJC_WEAK = YES;
				CLANG_WARN_BLOCK_CAPTURE_AUTORELEASING = YES;
				CLANG_WARN_BOOL_CONVERSION = YES;
				CLANG_WARN_COMMA = YES;
				CLANG_WARN_CONSTANT_CONVERSION = YES;
				CLANG_WARN_DEPRECATED_OBJC_IMPLEMENTATIONS = YES;
				CLANG_WARN_DIRECT_OBJC_ISA_USAGE = YES_ERROR;
				CLANG_WARN_DOCUMENTATION_COMMENTS = YES;
				CLANG_WARN_EMPTY_BODY = YES;
				CLANG_WARN_ENUM_CONVERSION = YES;
				CLANG_WARN_INFINITE_RECURSION = YES;
				CLANG_WARN_INT_CONVERSION = YES;
				CLANG_WARN_NON_LITERAL_NULL_CONVERSION = YES;
				CLANG_WARN_OBJC_IMPLICIT_RETAIN_SELF = YES;
				CLANG_WARN_OBJC_LITERAL_CONVERSION = YES;
				CLANG_WARN_OBJC_ROOT_CLASS = YES_ERROR;
				CLANG_WARN_RANGE_LOOP_ANALYSIS = YES;
				CLANG_WARN_STRICT_PROTOTYPES = YES;
				CLANG_WARN_SUSPICIOUS_MOVE = YES;
				CLANG_WARN_UNGUARDED_AVAILABILITY = YES_AGGRESSIVE;
				CLANG_WARN_UNREACHABLE_CODE = YES;
				CLANG_WARN__DUPLICATE_METHOD_MATCH = YES;
				CODE_SIGN_IDENTITY = "iPhone Developer";
				COPY_PHASE_STRIP = NO;
				DEBUG_INFORMATION_FORMAT = "dwarf-with-dsym";
				ENABLE_NS_ASSERTIONS = NO;
				ENABLE_STRICT_OBJC_MSGSEND = YES;
				GCC_C_LANGUAGE_STANDARD = gnu11;
				GCC_NO_COMMON_BLOCKS = YES;
				GCC_WARN_64_TO_32_BIT_CONVERSION = YES;
				GCC_WARN_ABOUT_RETURN_TYPE = YES_ERROR;
				GCC_WARN_UNDECLARED_SELECTOR = YES;
				GCC_WARN_UNINITIALIZED_AUTOS = YES_AGGRESSIVE;
				GCC_WARN_UNUSED_FUNCTION = YES;
				GCC_WARN_UNUSED_VARIABLE = YES;
				IPHONEOS_DEPLOYMENT_TARGET = 12.1;
				MTL_ENABLE_DEBUG_INFO = NO;
				MTL_FAST_MATH = YES;
				SDKROOT = iphoneos;
				SWIFT_COMPILATION_MODE = wholemodule;
				SWIFT_OPTIMIZATION_LEVEL = "-O";
				VALIDATE_PRODUCT = YES;
			};
			name = Release;
		};
		9FCA6A09229BB70600181099 /* Debug */ = {
			isa = XCBuildConfiguration;
			buildSettings = {
				ASSETCATALOG_COMPILER_APPICON_NAME = AppIcon;
				CODE_SIGN_STYLE = Automatic;
				DEVELOPMENT_TEAM = "";
				INFOPLIST_FILE = WMSegmentControl/Info.plist;
				IPHONEOS_DEPLOYMENT_TARGET = 9.0;
				LD_RUNPATH_SEARCH_PATHS = (
					"$(inherited)",
					"@executable_path/Frameworks",
				);
				PRODUCT_BUNDLE_IDENTIFIER = WM.WMSegmentControl;
				PRODUCT_NAME = "$(TARGET_NAME)";
				SWIFT_VERSION = 4.2;
				TARGETED_DEVICE_FAMILY = "1,2";
			};
			name = Debug;
		};
		9FCA6A0A229BB70600181099 /* Release */ = {
			isa = XCBuildConfiguration;
			buildSettings = {
				ASSETCATALOG_COMPILER_APPICON_NAME = AppIcon;
				CODE_SIGN_STYLE = Automatic;
				DEVELOPMENT_TEAM = "";
				INFOPLIST_FILE = WMSegmentControl/Info.plist;
				IPHONEOS_DEPLOYMENT_TARGET = 9.0;
				LD_RUNPATH_SEARCH_PATHS = (
					"$(inherited)",
					"@executable_path/Frameworks",
				);
				PRODUCT_BUNDLE_IDENTIFIER = WM.WMSegmentControl;
				PRODUCT_NAME = "$(TARGET_NAME)";
				SWIFT_VERSION = 4.2;
				TARGETED_DEVICE_FAMILY = "1,2";
			};
			name = Release;
		};
/* End XCBuildConfiguration section */

/* Begin XCConfigurationList section */
		9FCA69F1229BB70300181099 /* Build configuration list for PBXProject "WMSegmentControl" */ = {
			isa = XCConfigurationList;
			buildConfigurations = (
				9FCA6A06229BB70600181099 /* Debug */,
				9FCA6A07229BB70600181099 /* Release */,
			);
			defaultConfigurationIsVisible = 0;
			defaultConfigurationName = Release;
		};
		9FCA6A08229BB70600181099 /* Build configuration list for PBXNativeTarget "WMSegmentControl" */ = {
			isa = XCConfigurationList;
			buildConfigurations = (
				9FCA6A09229BB70600181099 /* Debug */,
				9FCA6A0A229BB70600181099 /* Release */,
			);
			defaultConfigurationIsVisible = 0;
			defaultConfigurationName = Release;
		};
/* End XCConfigurationList section */
	};
	rootObject = 9FCA69EE229BB70300181099 /* Project object */;
}
